
Microsoft Visual Studio Solution File, Format Version 12.00
# Visual Studio Version 17
VisualStudioVersion = 17.2.32526.322
MinimumVisualStudioVersion = 10.0.40219.1
Project("{9A19103F-16F7-4668-BE54-9A1E7A4F7556}") = "RpgAPI", "RpgAPI.csproj", "{BDC02764-7ECD-42C5-A2AB-EDCCB6EAB183}"
EndProject
Global
	GlobalSection(SolutionConfigurationPlatforms) = preSolution
		Debug|Any CPU = Debug|Any CPU
		Release|Any CPU = Release|Any CPU
	EndGlobalSection
	GlobalSection(ProjectConfigurationPlatforms) = postSolution
		{BDC02764-7ECD-42C5-A2AB-EDCCB6EAB183}.Debug|Any CPU.ActiveCfg = Debug|Any CPU
		{BDC02764-7ECD-42C5-A2AB-EDCCB6EAB183}.Debug|Any CPU.Build.0 = Debug|Any CPU
		{BDC02764-7ECD-42C5-A2AB-EDCCB6EAB183}.Release|Any CPU.ActiveCfg = Release|Any CPU
		{BDC02764-7ECD-42C5-A2AB-EDCCB6EAB183}.Release|Any CPU.Build.0 = Release|Any CPU
	EndGlobalSection
	GlobalSection(SolutionProperties) = preSolution
		HideSolutionNode = FALSE
	EndGlobalSection
	GlobalSection(ExtensibilityGlobals) = postSolution
		SolutionGuid = {504A17AB-921E-403C-98AC-84BB6F3F64B1}
	EndGlobalSection
EndGlobal
